
Microsoft Visual Studio Solution File, Format Version 12.00
# Visual Studio Version 16
VisualStudioVersion = 16.0.29403.142
MinimumVisualStudioVersion = 10.0.40219.1
Project("{FAE04EC0-301F-11D3-BF4B-00C04F79EFBC}") = "practice", "practice\practice.csproj", "{450B3F55-FF35-4ABA-A681-B9D51A9D6A71}"
EndProject
Global
	GlobalSection(SolutionConfigurationPlatforms) = preSolution
		Debug|Any CPU = Debug|Any CPU
		Release|Any CPU = Release|Any CPU
	EndGlobalSection
	GlobalSection(ProjectConfigurationPlatforms) = postSolution
		{450B3F55-FF35-4ABA-A681-B9D51A9D6A71}.Debug|Any CPU.ActiveCfg = Debug|Any CPU
		{450B3F55-FF35-4ABA-A681-B9D51A9D6A71}.Debug|Any CPU.Build.0 = Debug|Any CPU
		{450B3F55-FF35-4ABA-A681-B9D51A9D6A71}.Release|Any CPU.ActiveCfg = Release|Any CPU
		{450B3F55-FF35-4ABA-A681-B9D51A9D6A71}.Release|Any CPU.Build.0 = Release|Any CPU
	EndGlobalSection
	GlobalSection(SolutionProperties) = preSolution
		HideSolutionNode = FALSE
	EndGlobalSection
	GlobalSection(ExtensibilityGlobals) = postSolution
		SolutionGuid = {E80EAC0F-F93F-4400-BD3B-B917F872D9A4}
	EndGlobalSection
EndGlobal
